
Microsoft Visual Studio Solution File, Format Version 12.00
# Visual Studio Version 16
VisualStudioVersion = 16.0.31911.196
MinimumVisualStudioVersion = 10.0.40219.1
Project("{FAE04EC0-301F-11D3-BF4B-00C04F79EFBC}") = "Hash-functions", "Hash-functions\Hash-functions.csproj", "{D1FD9752-1B3A-493A-A7F4-5064B03CD27F}"
EndProject
Global
	GlobalSection(SolutionConfigurationPlatforms) = preSolution
		Debug|Any CPU = Debug|Any CPU
		Release|Any CPU = Release|Any CPU
	EndGlobalSection
	GlobalSection(ProjectConfigurationPlatforms) = postSolution
		{D1FD9752-1B3A-493A-A7F4-5064B03CD27F}.Debug|Any CPU.ActiveCfg = Debug|Any CPU
		{D1FD9752-1B3A-493A-A7F4-5064B03CD27F}.Debug|Any CPU.Build.0 = Debug|Any CPU
		{D1FD9752-1B3A-493A-A7F4-5064B03CD27F}.Release|Any CPU.ActiveCfg = Release|Any CPU
		{D1FD9752-1B3A-493A-A7F4-5064B03CD27F}.Release|Any CPU.Build.0 = Release|Any CPU
	EndGlobalSection
	GlobalSection(SolutionProperties) = preSolution
		HideSolutionNode = FALSE
	EndGlobalSection
	GlobalSection(ExtensibilityGlobals) = postSolution
		SolutionGuid = {08A8AFA8-C413-4C89-912A-521DBD1B1CF8}
	EndGlobalSection
EndGlobal
